
Microsoft Visual Studio Solution File, Format Version 12.00
# Visual Studio Version 16
VisualStudioVersion = 16.0.31605.320
MinimumVisualStudioVersion = 10.0.40219.1
Project("{FAE04EC0-301F-11D3-BF4B-00C04F79EFBC}") = "TP_v3", "TP_v3\TP_v3.csproj", "{D966670C-8AEA-4306-928F-3DFA72C2FEA0}"
EndProject
Global
	GlobalSection(SolutionConfigurationPlatforms) = preSolution
		Debug|Any CPU = Debug|Any CPU
		Release|Any CPU = Release|Any CPU
	EndGlobalSection
	GlobalSection(ProjectConfigurationPlatforms) = postSolution
		{D966670C-8AEA-4306-928F-3DFA72C2FEA0}.Debug|Any CPU.ActiveCfg = Debug|Any CPU
		{D966670C-8AEA-4306-928F-3DFA72C2FEA0}.Debug|Any CPU.Build.0 = Debug|Any CPU
		{D966670C-8AEA-4306-928F-3DFA72C2FEA0}.Release|Any CPU.ActiveCfg = Release|Any CPU
		{D966670C-8AEA-4306-928F-3DFA72C2FEA0}.Release|Any CPU.Build.0 = Release|Any CPU
	EndGlobalSection
	GlobalSection(SolutionProperties) = preSolution
		HideSolutionNode = FALSE
	EndGlobalSection
	GlobalSection(ExtensibilityGlobals) = postSolution
		SolutionGuid = {DE13BEA7-B5D9-498F-9FD5-D4F2668A1B52}
	EndGlobalSection
EndGlobal
